
Microsoft Visual Studio Solution File, Format Version 12.00
# Visual Studio 15
VisualStudioVersion = 15.0.26228.9
MinimumVisualStudioVersion = 10.0.40219.1
Project("{2150E333-8FDC-42A3-9474-1A3956D46DE8}") = "Tests", "Tests", "{B1DB157D-4A9E-449C-98FD-3449DB17F12E}"
EndProject
Project("{2150E333-8FDC-42A3-9474-1A3956D46DE8}") = "Content", "Content", "{A6BDF400-83F8-4413-88B0-D3BBA3A9647A}"
	ProjectSection(SolutionItems) = preProject
		build.ps1 = build.ps1
		Content\Changelog.md = Content\Changelog.md
		Content\Example.png = Content\Example.png
		Readme.md = Readme.md
		ReSharper.HeapView.nuspec = ReSharper.HeapView.nuspec
		Rider\META-INF\plugin.xml = Rider\META-INF\plugin.xml
	EndProjectSection
EndProject
Project("{9A19103F-16F7-4668-BE54-9A1E7A4F7556}") = "ReSharper.HeapView.Wave08", "ReSharper.HeapView\ReSharper.HeapView.Wave08.csproj", "{5E73C117-1DC4-4F69-8931-5D500194D982}"
EndProject
Project("{9A19103F-16F7-4668-BE54-9A1E7A4F7556}") = "ReSharper.HeapView.Tests.Wave08", "ReSharper.HeapView.Tests\ReSharper.HeapView.Tests.Wave08.csproj", "{813479C0-9CB9-4A3D-9DFA-F6DFA7027AD4}"
EndProject
Project("{9A19103F-16F7-4668-BE54-9A1E7A4F7556}") = "ReSharper.HeapView.Wave06", "ReSharper.HeapView\ReSharper.HeapView.Wave06.csproj", "{8DB3E0F4-E0FD-4C35-A4FD-3D882C4B4BD0}"
EndProject
Project("{9A19103F-16F7-4668-BE54-9A1E7A4F7556}") = "ReSharper.HeapView.Wave07", "ReSharper.HeapView\ReSharper.HeapView.Wave07.csproj", "{CE59DC9F-6557-4D95-BBE4-5E61686D20C5}"
EndProject
Project("{9A19103F-16F7-4668-BE54-9A1E7A4F7556}") = "ReSharper.HeapView.Tests.Wave07", "ReSharper.HeapView.Tests\ReSharper.HeapView.Tests.Wave07.csproj", "{0C15B4B0-FC3A-413A-BFFF-9446B4A5C6B6}"
EndProject
Project("{9A19103F-16F7-4668-BE54-9A1E7A4F7556}") = "ReSharper.HeapView.Tests.Wave06", "ReSharper.HeapView.Tests\ReSharper.HeapView.Tests.Wave06.csproj", "{C9F0EA19-D976-4E75-85E7-7D18E0968EE3}"
EndProject
Project("{FAE04EC0-301F-11D3-BF4B-00C04F79EFBC}") = "ReSharper.HeapView.Wave09", "ReSharper.HeapView\ReSharper.HeapView.Wave09.csproj", "{B583682A-2FF2-4D7B-AD23-7C500F046CAF}"
EndProject
Project("{FAE04EC0-301F-11D3-BF4B-00C04F79EFBC}") = "ReSharper.HeapView.Wave10", "ReSharper.HeapView\ReSharper.HeapView.Wave10.csproj", "{C44F3BB4-7280-4B07-9343-15A1FF9717F4}"
EndProject
Project("{FAE04EC0-301F-11D3-BF4B-00C04F79EFBC}") = "ReSharper.HeapView.Tests.Wave09", "ReSharper.HeapView.Tests\ReSharper.HeapView.Tests.Wave09.csproj", "{0D938273-594A-4E0E-908B-753269CA0144}"
EndProject
Project("{FAE04EC0-301F-11D3-BF4B-00C04F79EFBC}") = "ReSharper.HeapView.Tests.Wave10", "ReSharper.HeapView.Tests\ReSharper.HeapView.Tests.Wave10.csproj", "{5B61ECAE-5F8F-4724-BF9C-7743B5D66F9E}"
EndProject
Project("{FAE04EC0-301F-11D3-BF4B-00C04F79EFBC}") = "ReSharper.HeapView.Wave11", "ReSharper.HeapView\ReSharper.HeapView.Wave11.csproj", "{7AFF0AC7-C5B5-4774-9FCA-39683E236C6A}"
EndProject
Project("{FAE04EC0-301F-11D3-BF4B-00C04F79EFBC}") = "ReSharper.HeapView.Tests.Wave11", "ReSharper.HeapView.Tests\ReSharper.HeapView.Tests.Wave11.csproj", "{85034E06-B6E8-4239-88BF-FA9811FDCF4E}"
EndProject
Project("{FAE04EC0-301F-11D3-BF4B-00C04F79EFBC}") = "ReSharper.HeapView.Wave12", "ReSharper.HeapView\ReSharper.HeapView.Wave12.csproj", "{40F27D9E-4DAF-4E5D-8A93-E506877710EE}"
EndProject
Project("{FAE04EC0-301F-11D3-BF4B-00C04F79EFBC}") = "ReSharper.HeapView.Tests.Wave12", "ReSharper.HeapView.Tests\ReSharper.HeapView.Tests.Wave12.csproj", "{DAFBD118-C41A-4DBB-84C2-00FF054CFEBC}"
EndProject
Project("{FAE04EC0-301F-11D3-BF4B-00C04F79EFBC}") = "ReSharper.HeapView.Wave182", "ReSharper.HeapView\ReSharper.HeapView.Wave182.csproj", "{EC0DD40E-977F-4130-8459-E04D83F1B8CA}"
EndProject
Project("{FAE04EC0-301F-11D3-BF4B-00C04F79EFBC}") = "ReSharper.HeapView.Wave183.Rider", "ReSharper.HeapView\ReSharper.HeapView.Wave183.Rider.csproj", "{C1A5AB83-9BD0-4A4A-9DC1-4AED0FA1C325}"
EndProject
Project("{FAE04EC0-301F-11D3-BF4B-00C04F79EFBC}") = "ReSharper.HeapView.Tests.Wave182", "ReSharper.HeapView.Tests\ReSharper.HeapView.Tests.Wave182.csproj", "{23F5976F-47E0-45F7-9FBA-C08D6B125889}"
EndProject
Project("{FAE04EC0-301F-11D3-BF4B-00C04F79EFBC}") = "ReSharper.HeapView.Tests.Wave183.Rider", "ReSharper.HeapView.Tests\ReSharper.HeapView.Tests.Wave183.Rider.csproj", "{AFD6A0D9-D42D-4458-A738-450CDB9CFEF7}"
EndProject
Project("{FAE04EC0-301F-11D3-BF4B-00C04F79EFBC}") = "ReSharper.HeapView.Tests.Wave183", "ReSharper.HeapView.Tests\ReSharper.HeapView.Tests.Wave183.csproj", "{68B1AFAD-5866-423E-AA12-400C5B4BCD95}"
EndProject
Project("{FAE04EC0-301F-11D3-BF4B-00C04F79EFBC}") = "ReSharper.HeapView.Wave183", "ReSharper.HeapView\ReSharper.HeapView.Wave183.csproj", "{8B7B5324-649A-4B0E-92C3-A6B5F4066780}"
EndProject
Global
	GlobalSection(SolutionConfigurationPlatforms) = preSolution
		Debug|Any CPU = Debug|Any CPU
		Release|Any CPU = Release|Any CPU
	EndGlobalSection
	GlobalSection(ProjectConfigurationPlatforms) = postSolution
		{5E73C117-1DC4-4F69-8931-5D500194D982}.Debug|Any CPU.ActiveCfg = Debug|Any CPU
		{5E73C117-1DC4-4F69-8931-5D500194D982}.Debug|Any CPU.Build.0 = Debug|Any CPU
		{5E73C117-1DC4-4F69-8931-5D500194D982}.Release|Any CPU.ActiveCfg = Release|Any CPU
		{5E73C117-1DC4-4F69-8931-5D500194D982}.Release|Any CPU.Build.0 = Release|Any CPU
		{813479C0-9CB9-4A3D-9DFA-F6DFA7027AD4}.Debug|Any CPU.ActiveCfg = Debug|Any CPU
		{813479C0-9CB9-4A3D-9DFA-F6DFA7027AD4}.Debug|Any CPU.Build.0 = Debug|Any CPU
		{813479C0-9CB9-4A3D-9DFA-F6DFA7027AD4}.Release|Any CPU.ActiveCfg = Release|Any CPU
		{813479C0-9CB9-4A3D-9DFA-F6DFA7027AD4}.Release|Any CPU.Build.0 = Release|Any CPU
		{8DB3E0F4-E0FD-4C35-A4FD-3D882C4B4BD0}.Debug|Any CPU.ActiveCfg = Debug|Any CPU
		{8DB3E0F4-E0FD-4C35-A4FD-3D882C4B4BD0}.Debug|Any CPU.Build.0 = Debug|Any CPU
		{8DB3E0F4-E0FD-4C35-A4FD-3D882C4B4BD0}.Release|Any CPU.ActiveCfg = Release|Any CPU
		{8DB3E0F4-E0FD-4C35-A4FD-3D882C4B4BD0}.Release|Any CPU.Build.0 = Release|Any CPU
		{CE59DC9F-6557-4D95-BBE4-5E61686D20C5}.Debug|Any CPU.ActiveCfg = Debug|Any CPU
		{CE59DC9F-6557-4D95-BBE4-5E61686D20C5}.Debug|Any CPU.Build.0 = Debug|Any CPU
		{CE59DC9F-6557-4D95-BBE4-5E61686D20C5}.Release|Any CPU.ActiveCfg = Release|Any CPU
		{CE59DC9F-6557-4D95-BBE4-5E61686D20C5}.Release|Any CPU.Build.0 = Release|Any CPU
		{0C15B4B0-FC3A-413A-BFFF-9446B4A5C6B6}.Debug|Any CPU.ActiveCfg = Debug|Any CPU
		{0C15B4B0-FC3A-413A-BFFF-9446B4A5C6B6}.Debug|Any CPU.Build.0 = Debug|Any CPU
		{0C15B4B0-FC3A-413A-BFFF-9446B4A5C6B6}.Release|Any CPU.ActiveCfg = Release|Any CPU
		{0C15B4B0-FC3A-413A-BFFF-9446B4A5C6B6}.Release|Any CPU.Build.0 = Release|Any CPU
		{C9F0EA19-D976-4E75-85E7-7D18E0968EE3}.Debug|Any CPU.ActiveCfg = Debug|Any CPU
		{C9F0EA19-D976-4E75-85E7-7D18E0968EE3}.Debug|Any CPU.Build.0 = Debug|Any CPU
		{C9F0EA19-D976-4E75-85E7-7D18E0968EE3}.Release|Any CPU.ActiveCfg = Release|Any CPU
		{C9F0EA19-D976-4E75-85E7-7D18E0968EE3}.Release|Any CPU.Build.0 = Release|Any CPU
		{B583682A-2FF2-4D7B-AD23-7C500F046CAF}.Debug|Any CPU.ActiveCfg = Debug|Any CPU
		{B583682A-2FF2-4D7B-AD23-7C500F046CAF}.Debug|Any CPU.Build.0 = Debug|Any CPU
		{B583682A-2FF2-4D7B-AD23-7C500F046CAF}.Release|Any CPU.ActiveCfg = Release|Any CPU
		{B583682A-2FF2-4D7B-AD23-7C500F046CAF}.Release|Any CPU.Build.0 = Release|Any CPU
		{C44F3BB4-7280-4B07-9343-15A1FF9717F4}.Debug|Any CPU.ActiveCfg = Debug|Any CPU
		{C44F3BB4-7280-4B07-9343-15A1FF9717F4}.Debug|Any CPU.Build.0 = Debug|Any CPU
		{C44F3BB4-7280-4B07-9343-15A1FF9717F4}.Release|Any CPU.ActiveCfg = Release|Any CPU
		{C44F3BB4-7280-4B07-9343-15A1FF9717F4}.Release|Any CPU.Build.0 = Release|Any CPU
		{0D938273-594A-4E0E-908B-753269CA0144}.Debug|Any CPU.ActiveCfg = Debug|Any CPU
		{0D938273-594A-4E0E-908B-753269CA0144}.Debug|Any CPU.Build.0 = Debug|Any CPU
		{0D938273-594A-4E0E-908B-753269CA0144}.Release|Any CPU.ActiveCfg = Release|Any CPU
		{0D938273-594A-4E0E-908B-753269CA0144}.Release|Any CPU.Build.0 = Release|Any CPU
		{5B61ECAE-5F8F-4724-BF9C-7743B5D66F9E}.Debug|Any CPU.ActiveCfg = Debug|Any CPU
		{5B61ECAE-5F8F-4724-BF9C-7743B5D66F9E}.Debug|Any CPU.Build.0 = Debug|Any CPU
		{5B61ECAE-5F8F-4724-BF9C-7743B5D66F9E}.Release|Any CPU.ActiveCfg = Release|Any CPU
		{5B61ECAE-5F8F-4724-BF9C-7743B5D66F9E}.Release|Any CPU.Build.0 = Release|Any CPU
		{7AFF0AC7-C5B5-4774-9FCA-39683E236C6A}.Debug|Any CPU.ActiveCfg = Debug|Any CPU
		{7AFF0AC7-C5B5-4774-9FCA-39683E236C6A}.Debug|Any CPU.Build.0 = Debug|Any CPU
		{7AFF0AC7-C5B5-4774-9FCA-39683E236C6A}.Release|Any CPU.ActiveCfg = Release|Any CPU
		{7AFF0AC7-C5B5-4774-9FCA-39683E236C6A}.Release|Any CPU.Build.0 = Release|Any CPU
		{85034E06-B6E8-4239-88BF-FA9811FDCF4E}.Debug|Any CPU.ActiveCfg = Debug|Any CPU
		{85034E06-B6E8-4239-88BF-FA9811FDCF4E}.Debug|Any CPU.Build.0 = Debug|Any CPU
		{85034E06-B6E8-4239-88BF-FA9811FDCF4E}.Release|Any CPU.ActiveCfg = Release|Any CPU
		{85034E06-B6E8-4239-88BF-FA9811FDCF4E}.Release|Any CPU.Build.0 = Release|Any CPU
		{40F27D9E-4DAF-4E5D-8A93-E506877710EE}.Debug|Any CPU.ActiveCfg = Debug|Any CPU
		{40F27D9E-4DAF-4E5D-8A93-E506877710EE}.Debug|Any CPU.Build.0 = Debug|Any CPU
		{40F27D9E-4DAF-4E5D-8A93-E506877710EE}.Release|Any CPU.ActiveCfg = Release|Any CPU
		{40F27D9E-4DAF-4E5D-8A93-E506877710EE}.Release|Any CPU.Build.0 = Release|Any CPU
		{DAFBD118-C41A-4DBB-84C2-00FF054CFEBC}.Debug|Any CPU.ActiveCfg = Debug|Any CPU
		{DAFBD118-C41A-4DBB-84C2-00FF054CFEBC}.Debug|Any CPU.Build.0 = Debug|Any CPU
		{DAFBD118-C41A-4DBB-84C2-00FF054CFEBC}.Release|Any CPU.ActiveCfg = Release|Any CPU
		{DAFBD118-C41A-4DBB-84C2-00FF054CFEBC}.Release|Any CPU.Build.0 = Release|Any CPU
		{EC0DD40E-977F-4130-8459-E04D83F1B8CA}.Debug|Any CPU.ActiveCfg = Debug|Any CPU
		{EC0DD40E-977F-4130-8459-E04D83F1B8CA}.Debug|Any CPU.Build.0 = Debug|Any CPU
		{EC0DD40E-977F-4130-8459-E04D83F1B8CA}.Release|Any CPU.ActiveCfg = Release|Any CPU
		{EC0DD40E-977F-4130-8459-E04D83F1B8CA}.Release|Any CPU.Build.0 = Release|Any CPU
		{C1A5AB83-9BD0-4A4A-9DC1-4AED0FA1C325}.Debug|Any CPU.ActiveCfg = Debug|Any CPU
		{C1A5AB83-9BD0-4A4A-9DC1-4AED0FA1C325}.Debug|Any CPU.Build.0 = Debug|Any CPU
		{C1A5AB83-9BD0-4A4A-9DC1-4AED0FA1C325}.Release|Any CPU.ActiveCfg = Release|Any CPU
		{C1A5AB83-9BD0-4A4A-9DC1-4AED0FA1C325}.Release|Any CPU.Build.0 = Release|Any CPU
		{23F5976F-47E0-45F7-9FBA-C08D6B125889}.Debug|Any CPU.ActiveCfg = Debug|Any CPU
		{23F5976F-47E0-45F7-9FBA-C08D6B125889}.Debug|Any CPU.Build.0 = Debug|Any CPU
		{23F5976F-47E0-45F7-9FBA-C08D6B125889}.Release|Any CPU.ActiveCfg = Release|Any CPU
		{23F5976F-47E0-45F7-9FBA-C08D6B125889}.Release|Any CPU.Build.0 = Release|Any CPU
		{AFD6A0D9-D42D-4458-A738-450CDB9CFEF7}.Debug|Any CPU.ActiveCfg = Debug|Any CPU
		{AFD6A0D9-D42D-4458-A738-450CDB9CFEF7}.Debug|Any CPU.Build.0 = Debug|Any CPU
		{AFD6A0D9-D42D-4458-A738-450CDB9CFEF7}.Release|Any CPU.ActiveCfg = Release|Any CPU
		{AFD6A0D9-D42D-4458-A738-450CDB9CFEF7}.Release|Any CPU.Build.0 = Release|Any CPU
		{68B1AFAD-5866-423E-AA12-400C5B4BCD95}.Debug|Any CPU.ActiveCfg = Debug|Any CPU
		{68B1AFAD-5866-423E-AA12-400C5B4BCD95}.Debug|Any CPU.Build.0 = Debug|Any CPU
		{68B1AFAD-5866-423E-AA12-400C5B4BCD95}.Release|Any CPU.ActiveCfg = Release|Any CPU
		{68B1AFAD-5866-423E-AA12-400C5B4BCD95}.Release|Any CPU.Build.0 = Release|Any CPU
		{8B7B5324-649A-4B0E-92C3-A6B5F4066780}.Debug|Any CPU.ActiveCfg = Debug|Any CPU
		{8B7B5324-649A-4B0E-92C3-A6B5F4066780}.Debug|Any CPU.Build.0 = Debug|Any CPU
		{8B7B5324-649A-4B0E-92C3-A6B5F4066780}.Release|Any CPU.ActiveCfg = Release|Any CPU
		{8B7B5324-649A-4B0E-92C3-A6B5F4066780}.Release|Any CPU.Build.0 = Release|Any CPU
	EndGlobalSection
	GlobalSection(SolutionProperties) = preSolution
		HideSolutionNode = FALSE
	EndGlobalSection
	GlobalSection(NestedProjects) = preSolution
		{813479C0-9CB9-4A3D-9DFA-F6DFA7027AD4} = {B1DB157D-4A9E-449C-98FD-3449DB17F12E}
		{0C15B4B0-FC3A-413A-BFFF-9446B4A5C6B6} = {B1DB157D-4A9E-449C-98FD-3449DB17F12E}
		{C9F0EA19-D976-4E75-85E7-7D18E0968EE3} = {B1DB157D-4A9E-449C-98FD-3449DB17F12E}
		{0D938273-594A-4E0E-908B-753269CA0144} = {B1DB157D-4A9E-449C-98FD-3449DB17F12E}
		{5B61ECAE-5F8F-4724-BF9C-7743B5D66F9E} = {B1DB157D-4A9E-449C-98FD-3449DB17F12E}
		{85034E06-B6E8-4239-88BF-FA9811FDCF4E} = {B1DB157D-4A9E-449C-98FD-3449DB17F12E}
		{DAFBD118-C41A-4DBB-84C2-00FF054CFEBC} = {B1DB157D-4A9E-449C-98FD-3449DB17F12E}
		{23F5976F-47E0-45F7-9FBA-C08D6B125889} = {B1DB157D-4A9E-449C-98FD-3449DB17F12E}
		{AFD6A0D9-D42D-4458-A738-450CDB9CFEF7} = {B1DB157D-4A9E-449C-98FD-3449DB17F12E}
		{68B1AFAD-5866-423E-AA12-400C5B4BCD95} = {B1DB157D-4A9E-449C-98FD-3449DB17F12E}
	EndGlobalSection
EndGlobal
